// !$*UTF8*$!
{
	archiveVersion = 1;
	classes = {
	};
	objectVersion = 46;
	objects = {

/* Begin PBXBuildFile section */
		768283C71EEDB38500F290FD /* AppDelegate.swift in Sources */ = {isa = PBXBuildFile; fileRef = 768283C61EEDB38500F290FD /* AppDelegate.swift */; };
		768283C91EEDB38500F290FD /* ViewController.swift in Sources */ = {isa = PBXBuildFile; fileRef = 768283C81EEDB38500F290FD /* ViewController.swift */; };
		768283CC1EEDB38500F290FD /* Main.storyboard in Resources */ = {isa = PBXBuildFile; fileRef = 768283CA1EEDB38500F290FD /* Main.storyboard */; };
		768283CE1EEDB38500F290FD /* Assets.xcassets in Resources */ = {isa = PBXBuildFile; fileRef = 768283CD1EEDB38500F290FD /* Assets.xcassets */; };
		768283D11EEDB38500F290FD /* LaunchScreen.storyboard in Resources */ = {isa = PBXBuildFile; fileRef = 768283CF1EEDB38500F290FD /* LaunchScreen.storyboard */; };
/* End PBXBuildFile section */

/* Begin PBXFileReference section */
		768283C31EEDB38500F290FD /* CapMap.app */ = {isa = PBXFileReference; explicitFileType = wrapper.application; includeInIndex = 0; path = CapMap.app; sourceTree = BUILT_PRODUCTS_DIR; };
		768283C61EEDB38500F290FD /* AppDelegate.swift */ = {isa = PBXFileReference; lastKnownFileType = sourcecode.swift; path = AppDelegate.swift; sourceTree = "<group>"; };
		768283C81EEDB38500F290FD /* ViewController.swift */ = {isa = PBXFileReference; lastKnownFileType = sourcecode.swift; path = ViewController.swift; sourceTree = "<group>"; };
		768283CB1EEDB38500F290FD /* Base */ = {isa = PBXFileReference; lastKnownFileType = file.storyboard; name = Base; path = Base.lproj/Main.storyboard; sourceTree = "<group>"; };
		768283CD1EEDB38500F290FD /* Assets.xcassets */ = {isa = PBXFileReference; lastKnownFileType = folder.assetcatalog; path = Assets.xcassets; sourceTree = "<group>"; };
		768283D01EEDB38500F290FD /* Base */ = {isa = PBXFileReference; lastKnownFileType = file.storyboard; name = Base; path = Base.lproj/LaunchScreen.storyboard; sourceTree = "<group>"; };
		768283D21EEDB38500F290FD /* Info.plist */ = {isa = PBXFileReference; lastKnownFileType = text.plist.xml; path = Info.plist; sourceTree = "<group>"; };
/* End PBXFileReference section */

/* Begin PBXFrameworksBuildPhase section */
		768283C01EEDB38500F290FD /* Frameworks */ = {
			isa = PBXFrameworksBuildPhase;
			buildActionMask = 2147483647;
			files = (
			);
			runOnlyForDeploymentPostprocessing = 0;
		};
/* End PBXFrameworksBuildPhase section */

/* Begin PBXGroup section */
		768283BA1EEDB38500F290FD = {
			isa = PBXGroup;
			children = (
				768283C51EEDB38500F290FD /* CapMap */,
				768283C41EEDB38500F290FD /* Products */,
			);
			sourceTree = "<group>";
		};
		768283C41EEDB38500F290FD /* Products */ = {
			isa = PBXGroup;
			children = (
				768283C31EEDB38500F290FD /* CapMap.app */,
			);
			name = Products;
			sourceTree = "<group>";
		};
		768283C51EEDB38500F290FD /* CapMap */ = {
			isa = PBXGroup;
			children = (
				768283C61EEDB38500F290FD /* AppDelegate.swift */,
				768283C81EEDB38500F290FD /* ViewController.swift */,
				768283CA1EEDB38500F290FD /* Main.storyboard */,
				768283CD1EEDB38500F290FD /* Assets.xcassets */,
				768283CF1EEDB38500F290FD /* LaunchScreen.storyboard */,
				768283D21EEDB38500F290FD /* Info.plist */,
			);
			path = CapMap;
			sourceTree = "<group>";
		};
/* End PBXGroup section */

/* Begin PBXNativeTarget section */
		768283C21EEDB38500F290FD /* CapMap */ = {
			isa = PBXNativeTarget;
			buildConfigurationList = 768283D51EEDB38500F290FD /* Build configuration list for PBXNativeTarget "CapMap" */;
			buildPhases = (
				768283BF1EEDB38500F290FD /* Sources */,
				768283C01EEDB38500F290FD /* Frameworks */,
				768283C11EEDB38500F290FD /* Resources */,
			);
			buildRules = (
			);
			dependencies = (
			);
			name = CapMap;
			productName = CapMap;
			productReference = 768283C31EEDB38500F290FD /* CapMap.app */;
			productType = "com.apple.product-type.application";
		};
/* End PBXNativeTarget section */

/* Begin PBXProject section */
		768283BB1EEDB38500F290FD /* Project object */ = {
			isa = PBXProject;
			attributes = {
				LastSwiftUpdateCheck = 0820;
				LastUpgradeCheck = 0820;
				ORGANIZATIONNAME = nbalsmeyer;
				TargetAttributes = {
					768283C21EEDB38500F290FD = {
						CreatedOnToolsVersion = 8.2.1;
						ProvisioningStyle = Automatic;
					};
				};
			};
			buildConfigurationList = 768283BE1EEDB38500F290FD /* Build configuration list for PBXProject "CapMap" */;
			compatibilityVersion = "Xcode 3.2";
			developmentRegion = English;
			hasScannedForEncodings = 0;
			knownRegions = (
				en,
				Base,
			);
			mainGroup = 768283BA1EEDB38500F290FD;
			productRefGroup = 768283C41EEDB38500F290FD /* Products */;
			projectDirPath = "";
			projectRoot = "";
			targets = (
				768283C21EEDB38500F290FD /* CapMap */,
			);
		};
/* End PBXProject section */

/* Begin PBXResourcesBuildPhase section */
		768283C11EEDB38500F290FD /* Resources */ = {
			isa = PBXResourcesBuildPhase;
			buildActionMask = 2147483647;
			files = (
				768283D11EEDB38500F290FD /* LaunchScreen.storyboard in Resources */,
				768283CE1EEDB38500F290FD /* Assets.xcassets in Resources */,
				768283CC1EEDB38500F290FD /* Main.storyboard in Resources */,
			);
			runOnlyForDeploymentPostprocessing = 0;
		};
/* End PBXResourcesBuildPhase section */

/* Begin PBXSourcesBuildPhase section */
		768283BF1EEDB38500F290FD /* Sources */ = {
			isa = PBXSourcesBuildPhase;
			buildActionMask = 2147483647;
			files = (
				768283C91EEDB38500F290FD /* ViewController.swift in Sources */,
				768283C71EEDB38500F290FD /* AppDelegate.swift in Sources */,
			);
			runOnlyForDeploymentPostprocessing = 0;
		};
/* End PBXSourcesBuildPhase section */

/* Begin PBXVariantGroup section */
		768283CA1EEDB38500F290FD /* Main.storyboard */ = {
			isa = PBXVariantGroup;
			children = (
				768283CB1EEDB38500F290FD /* Base */,
			);
			name = Main.storyboard;
			sourceTree = "<group>";
		};
		768283CF1EEDB38500F290FD /* LaunchScreen.storyboard */ = {
			isa = PBXVariantGroup;
			children = (
				768283D01EEDB38500F290FD /* Base */,
			);
			name = LaunchScreen.storyboard;
			sourceTree = "<group>";
		};
/* End PBXVariantGroup section */

/* Begin XCBuildConfiguration section */
		768283D31EEDB38500F290FD /* Debug */ = {
			isa = XCBuildConfiguration;
			buildSettings = {
				ALWAYS_SEARCH_USER_PATHS = NO;
				CLANG_ANALYZER_NONNULL = YES;
				CLANG_CXX_LANGUAGE_STANDARD = "gnu++0x";
				CLANG_CXX_LIBRARY = "libc++";
				CLANG_ENABLE_MODULES = YES;
				CLANG_ENABLE_OBJC_ARC = YES;
				CLANG_WARN_BOOL_CONVERSION = YES;
				CLANG_WARN_CONSTANT_CONVERSION = YES;
				CLANG_WARN_DIRECT_OBJC_ISA_USAGE = YES_ERROR;
				CLANG_WARN_DOCUMENTATION_COMMENTS = YES;
				CLANG_WARN_EMPTY_BODY = YES;
				CLANG_WARN_ENUM_CONVERSION = YES;
				CLANG_WARN_INFINITE_RECURSION = YES;
				CLANG_WARN_INT_CONVERSION = YES;
				CLANG_WARN_OBJC_ROOT_CLASS = YES_ERROR;
				CLANG_WARN_SUSPICIOUS_MOVE = YES;
				CLANG_WARN_UNREACHABLE_CODE = YES;
				CLANG_WARN__DUPLICATE_METHOD_MATCH = YES;
				"CODE_SIGN_IDENTITY[sdk=iphoneos*]" = "iPhone Developer";
				COPY_PHASE_STRIP = NO;
				DEBUG_INFORMATION_FORMAT = dwarf;
				ENABLE_STRICT_OBJC_MSGSEND = YES;
				ENABLE_TESTABILITY = YES;
				GCC_C_LANGUAGE_STANDARD = gnu99;
				GCC_DYNAMIC_NO_PIC = NO;
				GCC_NO_COMMON_BLOCKS = YES;
				GCC_OPTIMIZATION_LEVEL = 0;
				GCC_PREPROCESSOR_DEFINITIONS = (
					"DEBUG=1",
					"$(inherited)",
				);
				GCC_WARN_64_TO_32_BIT_CONVERSION = YES;
				GCC_WARN_ABOUT_RETURN_TYPE = YES_ERROR;
				GCC_WARN_UNDECLARED_SELECTOR = YES;
				GCC_WARN_UNINITIALIZED_AUTOS = YES_AGGRESSIVE;
				GCC_WARN_UNUSED_FUNCTION = YES;
				GCC_WARN_UNUSED_VARIABLE = YES;
				IPHONEOS_DEPLOYMENT_TARGET = 10.2;
				MTL_ENABLE_DEBUG_INFO = YES;
				ONLY_ACTIVE_ARCH = YES;
				SDKROOT = iphoneos;
				SWIFT_ACTIVE_COMPILATION_CONDITIONS = DEBUG;
				SWIFT_OPTIMIZATION_LEVEL = "-Onone";
			};
			name = Debug;
		};
		768283D41EEDB38500F290FD /* Release */ = {
			isa = XCBuildConfiguration;
			buildSettings = {
				ALWAYS_SEARCH_USER_PATHS = NO;
				CLANG_ANALYZER_NONNULL = YES;
				CLANG_CXX_LANGUAGE_STANDARD = "gnu++0x";
				CLANG_CXX_LIBRARY = "libc++";
				CLANG_ENABLE_MODULES = YES;
				CLANG_ENABLE_OBJC_ARC = YES;
				CLANG_WARN_BOOL_CONVERSION = YES;
				CLANG_WARN_CONSTANT_CONVERSION = YES;
				CLANG_WARN_DIRECT_OBJC_ISA_USAGE = YES_ERROR;
				CLANG_WARN_DOCUMENTATION_COMMENTS = YES;
				CLANG_WARN_EMPTY_BODY = YES;
				CLANG_WARN_ENUM_CONVERSION = YES;
				CLANG_WARN_INFINITE_RECURSION = YES;
				CLANG_WARN_INT_CONVERSION = YES;
				CLANG_WARN_OBJC_ROOT_CLASS = YES_ERROR;
				CLANG_WARN_SUSPICIOUS_MOVE = YES;
				CLANG_WARN_UNREACHABLE_CODE = YES;
				CLANG_WARN__DUPLICATE_METHOD_MATCH = YES;
				"CODE_SIGN_IDENTITY[sdk=iphoneos*]" = "iPhone Developer";
				COPY_PHASE_STRIP = NO;
				DEBUG_INFORMATION_FORMAT = "dwarf-with-dsym";
				ENABLE_NS_ASSERTIONS = NO;
				ENABLE_STRICT_OBJC_MSGSEND = YES;
				GCC_C_LANGUAGE_STANDARD = gnu99;
				GCC_NO_COMMON_BLOCKS = YES;
				GCC_WARN_64_TO_32_BIT_CONVERSION = YES;
				GCC_WARN_ABOUT_RETURN_TYPE = YES_ERROR;
				GCC_WARN_UNDECLARED_SELECTOR = YES;
				GCC_WARN_UNINITIALIZED_AUTOS = YES_AGGRESSIVE;
				GCC_WARN_UNUSED_FUNCTION = YES;
				GCC_WARN_UNUSED_VARIABLE = YES;
				IPHONEOS_DEPLOYMENT_TARGET = 10.2;
				MTL_ENABLE_DEBUG_INFO = NO;
				SDKROOT = iphoneos;
				SWIFT_OPTIMIZATION_LEVEL = "-Owholemodule";
				VALIDATE_PRODUCT = YES;
			};
			name = Release;
		};
		768283D61EEDB38500F290FD /* Debug */ = {
			isa = XCBuildConfiguration;
			buildSettings = {
				ASSETCATALOG_COMPILER_APPICON_NAME = AppIcon;
				INFOPLIST_FILE = CapMap/Info.plist;
				LD_RUNPATH_SEARCH_PATHS = "$(inherited) @executable_path/Frameworks";
				PRODUCT_BUNDLE_IDENTIFIER = com.nbalsmeyer.CapMap;
				PRODUCT_NAME = "$(TARGET_NAME)";
				SWIFT_VERSION = 3.0;
			};
			name = Debug;
		};
		768283D71EEDB38500F290FD /* Release */ = {
			isa = XCBuildConfiguration;
			buildSettings = {
				ASSETCATALOG_COMPILER_APPICON_NAME = AppIcon;
				INFOPLIST_FILE = CapMap/Info.plist;
				LD_RUNPATH_SEARCH_PATHS = "$(inherited) @executable_path/Frameworks";
				PRODUCT_BUNDLE_IDENTIFIER = com.nbalsmeyer.CapMap;
				PRODUCT_NAME = "$(TARGET_NAME)";
				SWIFT_VERSION = 3.0;
			};
			name = Release;
		};
/* End XCBuildConfiguration section */

/* Begin XCConfigurationList section */
		768283BE1EEDB38500F290FD /* Build configuration list for PBXProject "CapMap" */ = {
			isa = XCConfigurationList;
			buildConfigurations = (
				768283D31EEDB38500F290FD /* Debug */,
				768283D41EEDB38500F290FD /* Release */,
			);
			defaultConfigurationIsVisible = 0;
			defaultConfigurationName = Release;
		};
		768283D51EEDB38500F290FD /* Build configuration list for PBXNativeTarget "CapMap" */ = {
			isa = XCConfigurationList;
			buildConfigurations = (
				768283D61EEDB38500F290FD /* Debug */,
				768283D71EEDB38500F290FD /* Release */,
			);
			defaultConfigurationIsVisible = 0;
		};
/* End XCConfigurationList section */
	};
	rootObject = 768283BB1EEDB38500F290FD /* Project object */;
}
